
Microsoft Visual Studio Solution File, Format Version 12.00
# Visual Studio Version 16
VisualStudioVersion = 16.0.29911.84
MinimumVisualStudioVersion = 10.0.40219.1
Project("{FAE04EC0-301F-11D3-BF4B-00C04F79EFBC}") = "CivilTimerCoster", "CivilTimerCoster.csproj", "{AAAFBF2C-1B5E-4963-BD07-FB5592EEA68A}"
EndProject
Global
	GlobalSection(SolutionConfigurationPlatforms) = preSolution
		Debug|Any CPU = Debug|Any CPU
		Release|Any CPU = Release|Any CPU
	EndGlobalSection
	GlobalSection(ProjectConfigurationPlatforms) = postSolution
		{AAAFBF2C-1B5E-4963-BD07-FB5592EEA68A}.Debug|Any CPU.ActiveCfg = Debug|Any CPU
		{AAAFBF2C-1B5E-4963-BD07-FB5592EEA68A}.Debug|Any CPU.Build.0 = Debug|Any CPU
		{AAAFBF2C-1B5E-4963-BD07-FB5592EEA68A}.Release|Any CPU.ActiveCfg = Release|Any CPU
		{AAAFBF2C-1B5E-4963-BD07-FB5592EEA68A}.Release|Any CPU.Build.0 = Release|Any CPU
	EndGlobalSection
	GlobalSection(SolutionProperties) = preSolution
		HideSolutionNode = FALSE
	EndGlobalSection
	GlobalSection(ExtensibilityGlobals) = postSolution
		SolutionGuid = {11CBB67C-2BC9-455C-A7A0-C1AF78712E01}
	EndGlobalSection
EndGlobal
